
Microsoft Visual Studio Solution File, Format Version 12.00
# Visual Studio Version 17
VisualStudioVersion = 17.1.32421.90
MinimumVisualStudioVersion = 10.0.40219.1
Project("{FAE04EC0-301F-11D3-BF4B-00C04F79EFBC}") = "AddressBookSystem", "AddressBookSystem\AddressBookSystem.csproj", "{A46A7461-C065-450D-9105-84B40B36A761}"
EndProject
Global
	GlobalSection(SolutionConfigurationPlatforms) = preSolution
		Debug|Any CPU = Debug|Any CPU
		Release|Any CPU = Release|Any CPU
	EndGlobalSection
	GlobalSection(ProjectConfigurationPlatforms) = postSolution
		{A46A7461-C065-450D-9105-84B40B36A761}.Debug|Any CPU.ActiveCfg = Debug|Any CPU
		{A46A7461-C065-450D-9105-84B40B36A761}.Debug|Any CPU.Build.0 = Debug|Any CPU
		{A46A7461-C065-450D-9105-84B40B36A761}.Release|Any CPU.ActiveCfg = Release|Any CPU
		{A46A7461-C065-450D-9105-84B40B36A761}.Release|Any CPU.Build.0 = Release|Any CPU
	EndGlobalSection
	GlobalSection(SolutionProperties) = preSolution
		HideSolutionNode = FALSE
	EndGlobalSection
	GlobalSection(ExtensibilityGlobals) = postSolution
		SolutionGuid = {384CCD09-275F-4315-AACA-D66E9B60518C}
	EndGlobalSection
EndGlobal
